
Microsoft Visual Studio Solution File, Format Version 12.00
# Visual Studio Version 17
VisualStudioVersion = 17.8.34408.163
MinimumVisualStudioVersion = 10.0.40219.1
Project("{FAE04EC0-301F-11D3-BF4B-00C04F79EFBC}") = "WaSuperApp", "WaSuperApp\WaSuperApp.csproj", "{36DEB99F-07B9-4184-B2D0-2B7FE8F0B65B}"
EndProject
Global
	GlobalSection(SolutionConfigurationPlatforms) = preSolution
		Debug|Any CPU = Debug|Any CPU
		Release|Any CPU = Release|Any CPU
	EndGlobalSection
	GlobalSection(ProjectConfigurationPlatforms) = postSolution
		{36DEB99F-07B9-4184-B2D0-2B7FE8F0B65B}.Debug|Any CPU.ActiveCfg = Debug|Any CPU
		{36DEB99F-07B9-4184-B2D0-2B7FE8F0B65B}.Debug|Any CPU.Build.0 = Debug|Any CPU
		{36DEB99F-07B9-4184-B2D0-2B7FE8F0B65B}.Release|Any CPU.ActiveCfg = Release|Any CPU
		{36DEB99F-07B9-4184-B2D0-2B7FE8F0B65B}.Release|Any CPU.Build.0 = Release|Any CPU
	EndGlobalSection
	GlobalSection(SolutionProperties) = preSolution
		HideSolutionNode = FALSE
	EndGlobalSection
	GlobalSection(ExtensibilityGlobals) = postSolution
		SolutionGuid = {E4C2AC04-8B01-4621-8B08-DBD02EB1B170}
	EndGlobalSection
EndGlobal
